
Microsoft Visual Studio Solution File, Format Version 12.00
# Visual Studio Version 16
VisualStudioVersion = 16.0.30114.105
MinimumVisualStudioVersion = 10.0.40219.1
Project("{FAE04EC0-301F-11D3-BF4B-00C04F79EFBC}") = "PnPDeviceChangeWatcher", "PnPDeviceChangeWatcher\PnPDeviceChangeWatcher.csproj", "{79165E5D-A737-47DE-B5A5-5447C2D5FE9F}"
EndProject
Project("{FAE04EC0-301F-11D3-BF4B-00C04F79EFBC}") = "GetDeviceIDs", "GetDeviceIDs\GetDeviceIDs.csproj", "{CDAE59D4-B632-4D38-8387-1AB2629888F6}"
EndProject
Global
	GlobalSection(SolutionConfigurationPlatforms) = preSolution
		Debug|Any CPU = Debug|Any CPU
		Release|Any CPU = Release|Any CPU
	EndGlobalSection
	GlobalSection(ProjectConfigurationPlatforms) = postSolution
		{79165E5D-A737-47DE-B5A5-5447C2D5FE9F}.Debug|Any CPU.ActiveCfg = Debug|Any CPU
		{79165E5D-A737-47DE-B5A5-5447C2D5FE9F}.Debug|Any CPU.Build.0 = Debug|Any CPU
		{79165E5D-A737-47DE-B5A5-5447C2D5FE9F}.Release|Any CPU.ActiveCfg = Release|Any CPU
		{79165E5D-A737-47DE-B5A5-5447C2D5FE9F}.Release|Any CPU.Build.0 = Release|Any CPU
		{CDAE59D4-B632-4D38-8387-1AB2629888F6}.Debug|Any CPU.ActiveCfg = Debug|Any CPU
		{CDAE59D4-B632-4D38-8387-1AB2629888F6}.Debug|Any CPU.Build.0 = Debug|Any CPU
		{CDAE59D4-B632-4D38-8387-1AB2629888F6}.Release|Any CPU.ActiveCfg = Release|Any CPU
		{CDAE59D4-B632-4D38-8387-1AB2629888F6}.Release|Any CPU.Build.0 = Release|Any CPU
	EndGlobalSection
	GlobalSection(SolutionProperties) = preSolution
		HideSolutionNode = FALSE
	EndGlobalSection
	GlobalSection(ExtensibilityGlobals) = postSolution
		SolutionGuid = {6D8C8ECD-DFD2-46B2-AD5E-17FBCA049314}
	EndGlobalSection
EndGlobal
